
Microsoft Visual Studio Solution File, Format Version 11.00
# Visual Studio 2010
Project("{FAE04EC0-301F-11D3-BF4B-00C04F79EFBC}") = "Demo.App.Mvc", "Demo.App.Mvc\Demo.App.Mvc.csproj", "{86CE8AFC-7C5A-400C-B20F-BD3720757AA2}"
EndProject
Project("{FAE04EC0-301F-11D3-BF4B-00C04F79EFBC}") = "Demo.Dom.Customers", "Demo.Dom.Customers\Demo.Dom.Customers.csproj", "{97902977-F287-4ED8-87F8-E88707F58B57}"
EndProject
Project("{FAE04EC0-301F-11D3-BF4B-00C04F79EFBC}") = "Demo.Dom.Claims", "Demo.Dom.Claims\Demo.Dom.Claims.csproj", "{A84165C8-106C-4B3D-BF69-82609AC588CE}"
EndProject
Project("{FAE04EC0-301F-11D3-BF4B-00C04F79EFBC}") = "Demo.Dom.Registration", "Demo.Dom.Registration\Demo.Dom.Registration.csproj", "{336735CE-08F4-4640-A3EA-7DC2B34E3676}"
EndProject
Project("{FAE04EC0-301F-11D3-BF4B-00C04F79EFBC}") = "Demo.Dom.Base", "Demo.Dom.Base\Demo.Dom.Base.csproj", "{9DE92BC8-0000-44EA-8D8D-4CE420A3118D}"
EndProject
Global
	GlobalSection(SolutionConfigurationPlatforms) = preSolution
		Debug|Any CPU = Debug|Any CPU
		Release|Any CPU = Release|Any CPU
	EndGlobalSection
	GlobalSection(ProjectConfigurationPlatforms) = postSolution
		{86CE8AFC-7C5A-400C-B20F-BD3720757AA2}.Debug|Any CPU.ActiveCfg = Debug|Any CPU
		{86CE8AFC-7C5A-400C-B20F-BD3720757AA2}.Debug|Any CPU.Build.0 = Debug|Any CPU
		{86CE8AFC-7C5A-400C-B20F-BD3720757AA2}.Release|Any CPU.ActiveCfg = Release|Any CPU
		{86CE8AFC-7C5A-400C-B20F-BD3720757AA2}.Release|Any CPU.Build.0 = Release|Any CPU
		{97902977-F287-4ED8-87F8-E88707F58B57}.Debug|Any CPU.ActiveCfg = Debug|Any CPU
		{97902977-F287-4ED8-87F8-E88707F58B57}.Debug|Any CPU.Build.0 = Debug|Any CPU
		{97902977-F287-4ED8-87F8-E88707F58B57}.Release|Any CPU.ActiveCfg = Release|Any CPU
		{97902977-F287-4ED8-87F8-E88707F58B57}.Release|Any CPU.Build.0 = Release|Any CPU
		{A84165C8-106C-4B3D-BF69-82609AC588CE}.Debug|Any CPU.ActiveCfg = Debug|Any CPU
		{A84165C8-106C-4B3D-BF69-82609AC588CE}.Debug|Any CPU.Build.0 = Debug|Any CPU
		{A84165C8-106C-4B3D-BF69-82609AC588CE}.Release|Any CPU.ActiveCfg = Release|Any CPU
		{A84165C8-106C-4B3D-BF69-82609AC588CE}.Release|Any CPU.Build.0 = Release|Any CPU
		{336735CE-08F4-4640-A3EA-7DC2B34E3676}.Debug|Any CPU.ActiveCfg = Debug|Any CPU
		{336735CE-08F4-4640-A3EA-7DC2B34E3676}.Debug|Any CPU.Build.0 = Debug|Any CPU
		{336735CE-08F4-4640-A3EA-7DC2B34E3676}.Release|Any CPU.ActiveCfg = Release|Any CPU
		{336735CE-08F4-4640-A3EA-7DC2B34E3676}.Release|Any CPU.Build.0 = Release|Any CPU
		{9DE92BC8-0000-44EA-8D8D-4CE420A3118D}.Debug|Any CPU.ActiveCfg = Debug|Any CPU
		{9DE92BC8-0000-44EA-8D8D-4CE420A3118D}.Debug|Any CPU.Build.0 = Debug|Any CPU
		{9DE92BC8-0000-44EA-8D8D-4CE420A3118D}.Release|Any CPU.ActiveCfg = Release|Any CPU
		{9DE92BC8-0000-44EA-8D8D-4CE420A3118D}.Release|Any CPU.Build.0 = Release|Any CPU
	EndGlobalSection
	GlobalSection(SolutionProperties) = preSolution
		HideSolutionNode = FALSE
	EndGlobalSection
EndGlobal
